// !$*UTF8*$!
{
	archiveVersion = 1;
	classes = {
	};
	objectVersion = 56;
	objects = {

/* Begin PBXBuildFile section */
		43F2334A24D55D990F52B942 /* Pods_TodayBiscuitTests.framework in Frameworks */ = {isa = PBXBuildFile; fileRef = 51644D8AA74A72770ECA1C87 /* Pods_TodayBiscuitTests.framework */; };
		9BD23B2B1BA8E29BD7CFB36B /* Pods_TodayBiscuit_TodayBiscuitUITests.framework in Frameworks */ = {isa = PBXBuildFile; fileRef = 23B7A490F11DD516C4687492 /* Pods_TodayBiscuit_TodayBiscuitUITests.framework */; };
		C14D197A836007FF10BCA96B /* Pods_TodayBiscuit.framework in Frameworks */ = {isa = PBXBuildFile; fileRef = 31474E862CABBC47F0660B69 /* Pods_TodayBiscuit.framework */; };
		DB0139932B1B22E900758ADE /* AppDelegate.swift in Sources */ = {isa = PBXBuildFile; fileRef = DB0139922B1B22E900758ADE /* AppDelegate.swift */; };
		DB0139952B1B22E900758ADE /* SceneDelegate.swift in Sources */ = {isa = PBXBuildFile; fileRef = DB0139942B1B22E900758ADE /* SceneDelegate.swift */; };
		DB01399D2B1B22E900758ADE /* TodayBiscuit.xcdatamodeld in Sources */ = {isa = PBXBuildFile; fileRef = DB01399B2B1B22E900758ADE /* TodayBiscuit.xcdatamodeld */; };
		DB01399F2B1B22EA00758ADE /* Assets.xcassets in Resources */ = {isa = PBXBuildFile; fileRef = DB01399E2B1B22EA00758ADE /* Assets.xcassets */; };
		DB0139A22B1B22EA00758ADE /* LaunchScreen.storyboard in Resources */ = {isa = PBXBuildFile; fileRef = DB0139A02B1B22EA00758ADE /* LaunchScreen.storyboard */; };
		DB0139AE2B1B22EA00758ADE /* TodayBiscuitTests.swift in Sources */ = {isa = PBXBuildFile; fileRef = DB0139AD2B1B22EA00758ADE /* TodayBiscuitTests.swift */; };
		DB0139B82B1B22EA00758ADE /* TodayBiscuitUITests.swift in Sources */ = {isa = PBXBuildFile; fileRef = DB0139B72B1B22EA00758ADE /* TodayBiscuitUITests.swift */; };
		DB0139BA2B1B22EA00758ADE /* TodayBiscuitUITestsLaunchTests.swift in Sources */ = {isa = PBXBuildFile; fileRef = DB0139B92B1B22EA00758ADE /* TodayBiscuitUITestsLaunchTests.swift */; };
		DB0139DA2B1B35C700758ADE /* SplashViewReactor.swift in Sources */ = {isa = PBXBuildFile; fileRef = DB0139D92B1B35C700758ADE /* SplashViewReactor.swift */; };
		DB0139DE2B1B362900758ADE /* SplashViewController.swift in Sources */ = {isa = PBXBuildFile; fileRef = DB0139DD2B1B362900758ADE /* SplashViewController.swift */; };
		DB0139E02B1B369800758ADE /* OSLog+Extension.swift in Sources */ = {isa = PBXBuildFile; fileRef = DB0139DF2B1B369800758ADE /* OSLog+Extension.swift */; };
		DB0139E22B1B376900758ADE /* Bundle+Extension.swift in Sources */ = {isa = PBXBuildFile; fileRef = DB0139E12B1B376900758ADE /* Bundle+Extension.swift */; };
		DB612B602B6CD75800E204F6 /* AIISBaseResponse.swift in Sources */ = {isa = PBXBuildFile; fileRef = DB612B5F2B6CD75800E204F6 /* AIISBaseResponse.swift */; };
		DB612B622B6CDF4200E204F6 /* MinuDustFrcstDspthItem.swift in Sources */ = {isa = PBXBuildFile; fileRef = DB612B612B6CDF4200E204F6 /* MinuDustFrcstDspthItem.swift */; };
		DB612B642B6CDF5F00E204F6 /* MinuDustWeekFrcstDspthItem.swift in Sources */ = {isa = PBXBuildFile; fileRef = DB612B632B6CDF5F00E204F6 /* MinuDustWeekFrcstDspthItem.swift */; };
		DB612B662B706F0400E204F6 /* MsrstnAcctoRltmMesureDnstyItem.swift in Sources */ = {isa = PBXBuildFile; fileRef = DB612B652B706F0400E204F6 /* MsrstnAcctoRltmMesureDnstyItem.swift */; };
		DB612B682B7070D700E204F6 /* UnityAirEnvrnIdexSnstiveAboveMsrstnListItem.swift in Sources */ = {isa = PBXBuildFile; fileRef = DB612B672B7070D700E204F6 /* UnityAirEnvrnIdexSnstiveAboveMsrstnListItem.swift */; };
		DB612B6A2B70717100E204F6 /* CtprvnRltmMesureDnstyItem.swift in Sources */ = {isa = PBXBuildFile; fileRef = DB612B692B70717100E204F6 /* CtprvnRltmMesureDnstyItem.swift */; };
		DB612B6D2B70774D00E204F6 /* MsrstnListItem.swift in Sources */ = {isa = PBXBuildFile; fileRef = DB612B6C2B70774D00E204F6 /* MsrstnListItem.swift */; };
		DB612B6F2B70779300E204F6 /* MIISBaseResponse.swift in Sources */ = {isa = PBXBuildFile; fileRef = DB612B6E2B70779300E204F6 /* MIISBaseResponse.swift */; };
		DB612B712B70789600E204F6 /* NearbyMsrstnListItem.swift in Sources */ = {isa = PBXBuildFile; fileRef = DB612B702B70789600E204F6 /* NearbyMsrstnListItem.swift */; };
		DB612B732B7078FE00E204F6 /* TMStdrCrdntItem.swift in Sources */ = {isa = PBXBuildFile; fileRef = DB612B722B7078FE00E204F6 /* TMStdrCrdntItem.swift */; };
		DB612B752B71D0A400E204F6 /* ArpltnInforInqireSvcRepositoryProtocol.swift in Sources */ = {isa = PBXBuildFile; fileRef = DB612B742B71D0A400E204F6 /* ArpltnInforInqireSvcRepositoryProtocol.swift */; };
		DB612B772B71D0DE00E204F6 /* MsrstnInfoInqireSvcRepositoryProtocol.swift in Sources */ = {isa = PBXBuildFile; fileRef = DB612B762B71D0DE00E204F6 /* MsrstnInfoInqireSvcRepositoryProtocol.swift */; };
		DB612B792B71D19300E204F6 /* MsrstnInfoInqireSvcRepository.swift in Sources */ = {isa = PBXBuildFile; fileRef = DB612B782B71D19300E204F6 /* MsrstnInfoInqireSvcRepository.swift */; };
		DB612B7B2B71D19E00E204F6 /* ArpltnInforInqireSvcRepository.swift in Sources */ = {isa = PBXBuildFile; fileRef = DB612B7A2B71D19E00E204F6 /* ArpltnInforInqireSvcRepository.swift */; };
		DB612B802B71E6CA00E204F6 /* ArpltnInforInqireSvcAPI.swift in Sources */ = {isa = PBXBuildFile; fileRef = DB612B7F2B71E6CA00E204F6 /* ArpltnInforInqireSvcAPI.swift */; };
		DB612B822B71E6D700E204F6 /* MsrstnInfoInqireSvcAPI.swift in Sources */ = {isa = PBXBuildFile; fileRef = DB612B812B71E6D700E204F6 /* MsrstnInfoInqireSvcAPI.swift */; };
		DB612B842B71E6F600E204F6 /* MsrstnInfoInqireSvcService.swift in Sources */ = {isa = PBXBuildFile; fileRef = DB612B832B71E6F600E204F6 /* MsrstnInfoInqireSvcService.swift */; };
		DB612B862B71E70300E204F6 /* ArpltnInforInqireSvcService.swift in Sources */ = {isa = PBXBuildFile; fileRef = DB612B852B71E70300E204F6 /* ArpltnInforInqireSvcService.swift */; };
		DB612B882B71E77F00E204F6 /* BaseAPIRouter.swift in Sources */ = {isa = PBXBuildFile; fileRef = DB612B872B71E77F00E204F6 /* BaseAPIRouter.swift */; };
		DB612B8A2B71F5AB00E204F6 /* ArpltnStatsSvcRepositoryProtocol.swift in Sources */ = {isa = PBXBuildFile; fileRef = DB612B892B71F5AB00E204F6 /* ArpltnStatsSvcRepositoryProtocol.swift */; };
		DB612B8C2B71F5B600E204F6 /* ArpltnStatsSvcRepository.swift in Sources */ = {isa = PBXBuildFile; fileRef = DB612B8B2B71F5B600E204F6 /* ArpltnStatsSvcRepository.swift */; };
		DB612B8E2B71F5C200E204F6 /* ArpltnStatsSvcAPI.swift in Sources */ = {isa = PBXBuildFile; fileRef = DB612B8D2B71F5C200E204F6 /* ArpltnStatsSvcAPI.swift */; };
		DB612B902B71F5CC00E204F6 /* ArpltnStatsSvcService.swift in Sources */ = {isa = PBXBuildFile; fileRef = DB612B8F2B71F5CC00E204F6 /* ArpltnStatsSvcService.swift */; };
		DB612B932B71F60B00E204F6 /* ASSBaseResponse.swift in Sources */ = {isa = PBXBuildFile; fileRef = DB612B922B71F60B00E204F6 /* ASSBaseResponse.swift */; };
		DB612B952B71F69900E204F6 /* MsrstnAcctoRDyrgItem.swift in Sources */ = {isa = PBXBuildFile; fileRef = DB612B942B71F69900E204F6 /* MsrstnAcctoRDyrgItem.swift */; };
		DB612B972B71F6AC00E204F6 /* MsrstnAcctoRMmrgItem.swift in Sources */ = {isa = PBXBuildFile; fileRef = DB612B962B71F6AC00E204F6 /* MsrstnAcctoRMmrgItem.swift */; };
		DB612B992B71F6C500E204F6 /* CtprvnMesureLIstItem.swift in Sources */ = {isa = PBXBuildFile; fileRef = DB612B982B71F6C500E204F6 /* CtprvnMesureLIstItem.swift */; };
		DB612B9B2B730E2300E204F6 /* Data+Extension.swift in Sources */ = {isa = PBXBuildFile; fileRef = DB612B9A2B730E2300E204F6 /* Data+Extension.swift */; };
		DB612B9D2B733DC300E204F6 /* OSLog.framework in Frameworks */ = {isa = PBXBuildFile; fileRef = DB612B9C2B733DC300E204F6 /* OSLog.framework */; settings = {ATTRIBUTES = (Weak, ); }; };
		DBB5D3692B6B55C4007940C7 /* .gitignore in Resources */ = {isa = PBXBuildFile; fileRef = DBB5D3682B6B55C4007940C7 /* .gitignore */; };
/* End PBXBuildFile section */

/* Begin PBXContainerItemProxy section */
		DB0139AA2B1B22EA00758ADE /* PBXContainerItemProxy */ = {
			isa = PBXContainerItemProxy;
			containerPortal = DB0139872B1B22E900758ADE /* Project object */;
			proxyType = 1;
			remoteGlobalIDString = DB01398E2B1B22E900758ADE;
			remoteInfo = TodayBiscuit;
		};
		DB0139B42B1B22EA00758ADE /* PBXContainerItemProxy */ = {
			isa = PBXContainerItemProxy;
			containerPortal = DB0139872B1B22E900758ADE /* Project object */;
			proxyType = 1;
			remoteGlobalIDString = DB01398E2B1B22E900758ADE;
			remoteInfo = TodayBiscuit;
		};
/* End PBXContainerItemProxy section */

/* Begin PBXFileReference section */
		0095EAF549CC07507504C609 /* Pods-TodayBiscuitTests.release.xcconfig */ = {isa = PBXFileReference; includeInIndex = 1; lastKnownFileType = text.xcconfig; name = "Pods-TodayBiscuitTests.release.xcconfig"; path = "Target Support Files/Pods-TodayBiscuitTests/Pods-TodayBiscuitTests.release.xcconfig"; sourceTree = "<group>"; };
		23B7A490F11DD516C4687492 /* Pods_TodayBiscuit_TodayBiscuitUITests.framework */ = {isa = PBXFileReference; explicitFileType = wrapper.framework; includeInIndex = 0; path = Pods_TodayBiscuit_TodayBiscuitUITests.framework; sourceTree = BUILT_PRODUCTS_DIR; };
		31474E862CABBC47F0660B69 /* Pods_TodayBiscuit.framework */ = {isa = PBXFileReference; explicitFileType = wrapper.framework; includeInIndex = 0; path = Pods_TodayBiscuit.framework; sourceTree = BUILT_PRODUCTS_DIR; };
		51644D8AA74A72770ECA1C87 /* Pods_TodayBiscuitTests.framework */ = {isa = PBXFileReference; explicitFileType = wrapper.framework; includeInIndex = 0; path = Pods_TodayBiscuitTests.framework; sourceTree = BUILT_PRODUCTS_DIR; };
		53CBC99F615DB62070D4EFE2 /* Pods-TodayBiscuit.debug.xcconfig */ = {isa = PBXFileReference; includeInIndex = 1; lastKnownFileType = text.xcconfig; name = "Pods-TodayBiscuit.debug.xcconfig"; path = "Target Support Files/Pods-TodayBiscuit/Pods-TodayBiscuit.debug.xcconfig"; sourceTree = "<group>"; };
		80CC413ED845A36A5B00245B /* Pods-TodayBiscuit-TodayBiscuitUITests.release.xcconfig */ = {isa = PBXFileReference; includeInIndex = 1; lastKnownFileType = text.xcconfig; name = "Pods-TodayBiscuit-TodayBiscuitUITests.release.xcconfig"; path = "Target Support Files/Pods-TodayBiscuit-TodayBiscuitUITests/Pods-TodayBiscuit-TodayBiscuitUITests.release.xcconfig"; sourceTree = "<group>"; };
		848864E27B90168FDD45BDE2 /* Pods-TodayBiscuit.release.xcconfig */ = {isa = PBXFileReference; includeInIndex = 1; lastKnownFileType = text.xcconfig; name = "Pods-TodayBiscuit.release.xcconfig"; path = "Target Support Files/Pods-TodayBiscuit/Pods-TodayBiscuit.release.xcconfig"; sourceTree = "<group>"; };
		B81BC21EEDF9ECCD8D769D0B /* Pods-TodayBiscuit-TodayBiscuitUITests.debug.xcconfig */ = {isa = PBXFileReference; includeInIndex = 1; lastKnownFileType = text.xcconfig; name = "Pods-TodayBiscuit-TodayBiscuitUITests.debug.xcconfig"; path = "Target Support Files/Pods-TodayBiscuit-TodayBiscuitUITests/Pods-TodayBiscuit-TodayBiscuitUITests.debug.xcconfig"; sourceTree = "<group>"; };
		DB01398F2B1B22E900758ADE /* TodayBiscuit.app */ = {isa = PBXFileReference; explicitFileType = wrapper.application; includeInIndex = 0; path = TodayBiscuit.app; sourceTree = BUILT_PRODUCTS_DIR; };
		DB0139922B1B22E900758ADE /* AppDelegate.swift */ = {isa = PBXFileReference; lastKnownFileType = sourcecode.swift; path = AppDelegate.swift; sourceTree = "<group>"; };
		DB0139942B1B22E900758ADE /* SceneDelegate.swift */ = {isa = PBXFileReference; lastKnownFileType = sourcecode.swift; path = SceneDelegate.swift; sourceTree = "<group>"; };
		DB01399C2B1B22E900758ADE /* TodayBiscuit.xcdatamodel */ = {isa = PBXFileReference; lastKnownFileType = wrapper.xcdatamodel; path = TodayBiscuit.xcdatamodel; sourceTree = "<group>"; };
		DB01399E2B1B22EA00758ADE /* Assets.xcassets */ = {isa = PBXFileReference; lastKnownFileType = folder.assetcatalog; path = Assets.xcassets; sourceTree = "<group>"; };
		DB0139A12B1B22EA00758ADE /* Base */ = {isa = PBXFileReference; lastKnownFileType = file.storyboard; name = Base; path = Base.lproj/LaunchScreen.storyboard; sourceTree = "<group>"; };
		DB0139A32B1B22EA00758ADE /* TodayBiscuit.entitlements */ = {isa = PBXFileReference; lastKnownFileType = text.plist.entitlements; path = TodayBiscuit.entitlements; sourceTree = "<group>"; };
		DB0139A42B1B22EA00758ADE /* Info.plist */ = {isa = PBXFileReference; lastKnownFileType = text.plist.xml; path = Info.plist; sourceTree = "<group>"; };
		DB0139A92B1B22EA00758ADE /* TodayBiscuitTests.xctest */ = {isa = PBXFileReference; explicitFileType = wrapper.cfbundle; includeInIndex = 0; path = TodayBiscuitTests.xctest; sourceTree = BUILT_PRODUCTS_DIR; };
		DB0139AD2B1B22EA00758ADE /* TodayBiscuitTests.swift */ = {isa = PBXFileReference; lastKnownFileType = sourcecode.swift; path = TodayBiscuitTests.swift; sourceTree = "<group>"; };
		DB0139B32B1B22EA00758ADE /* TodayBiscuitUITests.xctest */ = {isa = PBXFileReference; explicitFileType = wrapper.cfbundle; includeInIndex = 0; path = TodayBiscuitUITests.xctest; sourceTree = BUILT_PRODUCTS_DIR; };
		DB0139B72B1B22EA00758ADE /* TodayBiscuitUITests.swift */ = {isa = PBXFileReference; lastKnownFileType = sourcecode.swift; path = TodayBiscuitUITests.swift; sourceTree = "<group>"; };
		DB0139B92B1B22EA00758ADE /* TodayBiscuitUITestsLaunchTests.swift */ = {isa = PBXFileReference; lastKnownFileType = sourcecode.swift; path = TodayBiscuitUITestsLaunchTests.swift; sourceTree = "<group>"; };
		DB0139D92B1B35C700758ADE /* SplashViewReactor.swift */ = {isa = PBXFileReference; lastKnownFileType = sourcecode.swift; name = SplashViewReactor.swift; path = TodayBiscuit/Presentation/Reactor/Splash/SplashViewReactor.swift; sourceTree = SOURCE_ROOT; };
		DB0139DD2B1B362900758ADE /* SplashViewController.swift */ = {isa = PBXFileReference; lastKnownFileType = sourcecode.swift; path = SplashViewController.swift; sourceTree = "<group>"; };
		DB0139DF2B1B369800758ADE /* OSLog+Extension.swift */ = {isa = PBXFileReference; lastKnownFileType = sourcecode.swift; path = "OSLog+Extension.swift"; sourceTree = "<group>"; };
		DB0139E12B1B376900758ADE /* Bundle+Extension.swift */ = {isa = PBXFileReference; lastKnownFileType = sourcecode.swift; path = "Bundle+Extension.swift"; sourceTree = "<group>"; };
		DB612B5F2B6CD75800E204F6 /* AIISBaseResponse.swift */ = {isa = PBXFileReference; lastKnownFileType = sourcecode.swift; path = AIISBaseResponse.swift; sourceTree = "<group>"; };
		DB612B612B6CDF4200E204F6 /* MinuDustFrcstDspthItem.swift */ = {isa = PBXFileReference; lastKnownFileType = sourcecode.swift; path = MinuDustFrcstDspthItem.swift; sourceTree = "<group>"; };
		DB612B632B6CDF5F00E204F6 /* MinuDustWeekFrcstDspthItem.swift */ = {isa = PBXFileReference; lastKnownFileType = sourcecode.swift; path = MinuDustWeekFrcstDspthItem.swift; sourceTree = "<group>"; };
		DB612B652B706F0400E204F6 /* MsrstnAcctoRltmMesureDnstyItem.swift */ = {isa = PBXFileReference; lastKnownFileType = sourcecode.swift; path = MsrstnAcctoRltmMesureDnstyItem.swift; sourceTree = "<group>"; };
		DB612B672B7070D700E204F6 /* UnityAirEnvrnIdexSnstiveAboveMsrstnListItem.swift */ = {isa = PBXFileReference; lastKnownFileType = sourcecode.swift; path = UnityAirEnvrnIdexSnstiveAboveMsrstnListItem.swift; sourceTree = "<group>"; };
		DB612B692B70717100E204F6 /* CtprvnRltmMesureDnstyItem.swift */ = {isa = PBXFileReference; lastKnownFileType = sourcecode.swift; path = CtprvnRltmMesureDnstyItem.swift; sourceTree = "<group>"; };
		DB612B6C2B70774D00E204F6 /* MsrstnListItem.swift */ = {isa = PBXFileReference; lastKnownFileType = sourcecode.swift; path = MsrstnListItem.swift; sourceTree = "<group>"; };
		DB612B6E2B70779300E204F6 /* MIISBaseResponse.swift */ = {isa = PBXFileReference; lastKnownFileType = sourcecode.swift; path = MIISBaseResponse.swift; sourceTree = "<group>"; };
		DB612B702B70789600E204F6 /* NearbyMsrstnListItem.swift */ = {isa = PBXFileReference; lastKnownFileType = sourcecode.swift; path = NearbyMsrstnListItem.swift; sourceTree = "<group>"; };
		DB612B722B7078FE00E204F6 /* TMStdrCrdntItem.swift */ = {isa = PBXFileReference; lastKnownFileType = sourcecode.swift; path = TMStdrCrdntItem.swift; sourceTree = "<group>"; };
		DB612B742B71D0A400E204F6 /* ArpltnInforInqireSvcRepositoryProtocol.swift */ = {isa = PBXFileReference; lastKnownFileType = sourcecode.swift; path = ArpltnInforInqireSvcRepositoryProtocol.swift; sourceTree = "<group>"; };
		DB612B762B71D0DE00E204F6 /* MsrstnInfoInqireSvcRepositoryProtocol.swift */ = {isa = PBXFileReference; lastKnownFileType = sourcecode.swift; path = MsrstnInfoInqireSvcRepositoryProtocol.swift; sourceTree = "<group>"; };
		DB612B782B71D19300E204F6 /* MsrstnInfoInqireSvcRepository.swift */ = {isa = PBXFileReference; lastKnownFileType = sourcecode.swift; path = MsrstnInfoInqireSvcRepository.swift; sourceTree = "<group>"; };
		DB612B7A2B71D19E00E204F6 /* ArpltnInforInqireSvcRepository.swift */ = {isa = PBXFileReference; lastKnownFileType = sourcecode.swift; path = ArpltnInforInqireSvcRepository.swift; sourceTree = "<group>"; };
		DB612B7F2B71E6CA00E204F6 /* ArpltnInforInqireSvcAPI.swift */ = {isa = PBXFileReference; lastKnownFileType = sourcecode.swift; path = ArpltnInforInqireSvcAPI.swift; sourceTree = "<group>"; };
		DB612B812B71E6D700E204F6 /* MsrstnInfoInqireSvcAPI.swift */ = {isa = PBXFileReference; lastKnownFileType = sourcecode.swift; path = MsrstnInfoInqireSvcAPI.swift; sourceTree = "<group>"; };
		DB612B832B71E6F600E204F6 /* MsrstnInfoInqireSvcService.swift */ = {isa = PBXFileReference; lastKnownFileType = sourcecode.swift; path = MsrstnInfoInqireSvcService.swift; sourceTree = "<group>"; };
		DB612B852B71E70300E204F6 /* ArpltnInforInqireSvcService.swift */ = {isa = PBXFileReference; lastKnownFileType = sourcecode.swift; path = ArpltnInforInqireSvcService.swift; sourceTree = "<group>"; };
		DB612B872B71E77F00E204F6 /* BaseAPIRouter.swift */ = {isa = PBXFileReference; lastKnownFileType = sourcecode.swift; path = BaseAPIRouter.swift; sourceTree = "<group>"; };
		DB612B892B71F5AB00E204F6 /* ArpltnStatsSvcRepositoryProtocol.swift */ = {isa = PBXFileReference; lastKnownFileType = sourcecode.swift; path = ArpltnStatsSvcRepositoryProtocol.swift; sourceTree = "<group>"; };
		DB612B8B2B71F5B600E204F6 /* ArpltnStatsSvcRepository.swift */ = {isa = PBXFileReference; lastKnownFileType = sourcecode.swift; path = ArpltnStatsSvcRepository.swift; sourceTree = "<group>"; };
		DB612B8D2B71F5C200E204F6 /* ArpltnStatsSvcAPI.swift */ = {isa = PBXFileReference; lastKnownFileType = sourcecode.swift; path = ArpltnStatsSvcAPI.swift; sourceTree = "<group>"; };
		DB612B8F2B71F5CC00E204F6 /* ArpltnStatsSvcService.swift */ = {isa = PBXFileReference; lastKnownFileType = sourcecode.swift; path = ArpltnStatsSvcService.swift; sourceTree = "<group>"; };
		DB612B922B71F60B00E204F6 /* ASSBaseResponse.swift */ = {isa = PBXFileReference; lastKnownFileType = sourcecode.swift; path = ASSBaseResponse.swift; sourceTree = "<group>"; };
		DB612B942B71F69900E204F6 /* MsrstnAcctoRDyrgItem.swift */ = {isa = PBXFileReference; lastKnownFileType = sourcecode.swift; path = MsrstnAcctoRDyrgItem.swift; sourceTree = "<group>"; };
		DB612B962B71F6AC00E204F6 /* MsrstnAcctoRMmrgItem.swift */ = {isa = PBXFileReference; lastKnownFileType = sourcecode.swift; path = MsrstnAcctoRMmrgItem.swift; sourceTree = "<group>"; };
		DB612B982B71F6C500E204F6 /* CtprvnMesureLIstItem.swift */ = {isa = PBXFileReference; lastKnownFileType = sourcecode.swift; path = CtprvnMesureLIstItem.swift; sourceTree = "<group>"; };
		DB612B9A2B730E2300E204F6 /* Data+Extension.swift */ = {isa = PBXFileReference; lastKnownFileType = sourcecode.swift; path = "Data+Extension.swift"; sourceTree = "<group>"; };
		DB612B9C2B733DC300E204F6 /* OSLog.framework */ = {isa = PBXFileReference; lastKnownFileType = wrapper.framework; name = OSLog.framework; path = System/Library/Frameworks/OSLog.framework; sourceTree = SDKROOT; };
		DBB5D3682B6B55C4007940C7 /* .gitignore */ = {isa = PBXFileReference; lastKnownFileType = text; path = .gitignore; sourceTree = "<group>"; };
		DBB5D36A2B6B5729007940C7 /* Secrets.xcconfig */ = {isa = PBXFileReference; lastKnownFileType = text.xcconfig; path = Secrets.xcconfig; sourceTree = "<group>"; };
		FFF986AAAFF9C86C80E65CB9 /* Pods-TodayBiscuitTests.debug.xcconfig */ = {isa = PBXFileReference; includeInIndex = 1; lastKnownFileType = text.xcconfig; name = "Pods-TodayBiscuitTests.debug.xcconfig"; path = "Target Support Files/Pods-TodayBiscuitTests/Pods-TodayBiscuitTests.debug.xcconfig"; sourceTree = "<group>"; };
/* End PBXFileReference section */

/* Begin PBXFrameworksBuildPhase section */
		DB01398C2B1B22E900758ADE /* Frameworks */ = {
			isa = PBXFrameworksBuildPhase;
			buildActionMask = 2147483647;
			files = (
				DB612B9D2B733DC300E204F6 /* OSLog.framework in Frameworks */,
				C14D197A836007FF10BCA96B /* Pods_TodayBiscuit.framework in Frameworks */,
			);
			runOnlyForDeploymentPostprocessing = 0;
		};
		DB0139A62B1B22EA00758ADE /* Frameworks */ = {
			isa = PBXFrameworksBuildPhase;
			buildActionMask = 2147483647;
			files = (
				43F2334A24D55D990F52B942 /* Pods_TodayBiscuitTests.framework in Frameworks */,
			);
			runOnlyForDeploymentPostprocessing = 0;
		};
		DB0139B02B1B22EA00758ADE /* Frameworks */ = {
			isa = PBXFrameworksBuildPhase;
			buildActionMask = 2147483647;
			files = (
				9BD23B2B1BA8E29BD7CFB36B /* Pods_TodayBiscuit_TodayBiscuitUITests.framework in Frameworks */,
			);
			runOnlyForDeploymentPostprocessing = 0;
		};
/* End PBXFrameworksBuildPhase section */

/* Begin PBXGroup section */
		474ECE96B44B337FAEAD784A /* Frameworks */ = {
			isa = PBXGroup;
			children = (
				DB612B9C2B733DC300E204F6 /* OSLog.framework */,
				31474E862CABBC47F0660B69 /* Pods_TodayBiscuit.framework */,
				23B7A490F11DD516C4687492 /* Pods_TodayBiscuit_TodayBiscuitUITests.framework */,
				51644D8AA74A72770ECA1C87 /* Pods_TodayBiscuitTests.framework */,
			);
			name = Frameworks;
			sourceTree = "<group>";
		};
		B7D692224D98519C8ED2E49A /* Pods */ = {
			isa = PBXGroup;
			children = (
				53CBC99F615DB62070D4EFE2 /* Pods-TodayBiscuit.debug.xcconfig */,
				848864E27B90168FDD45BDE2 /* Pods-TodayBiscuit.release.xcconfig */,
				B81BC21EEDF9ECCD8D769D0B /* Pods-TodayBiscuit-TodayBiscuitUITests.debug.xcconfig */,
				80CC413ED845A36A5B00245B /* Pods-TodayBiscuit-TodayBiscuitUITests.release.xcconfig */,
				FFF986AAAFF9C86C80E65CB9 /* Pods-TodayBiscuitTests.debug.xcconfig */,
				0095EAF549CC07507504C609 /* Pods-TodayBiscuitTests.release.xcconfig */,
			);
			path = Pods;
			sourceTree = "<group>";
		};
		DB0139862B1B22E900758ADE = {
			isa = PBXGroup;
			children = (
				DBB5D36A2B6B5729007940C7 /* Secrets.xcconfig */,
				DBB5D3682B6B55C4007940C7 /* .gitignore */,
				DB0139912B1B22E900758ADE /* TodayBiscuit */,
				DB0139AC2B1B22EA00758ADE /* TodayBiscuitTests */,
				DB0139B62B1B22EA00758ADE /* TodayBiscuitUITests */,
				DB0139902B1B22E900758ADE /* Products */,
				B7D692224D98519C8ED2E49A /* Pods */,
				474ECE96B44B337FAEAD784A /* Frameworks */,
			);
			sourceTree = "<group>";
		};
		DB0139902B1B22E900758ADE /* Products */ = {
			isa = PBXGroup;
			children = (
				DB01398F2B1B22E900758ADE /* TodayBiscuit.app */,
				DB0139A92B1B22EA00758ADE /* TodayBiscuitTests.xctest */,
				DB0139B32B1B22EA00758ADE /* TodayBiscuitUITests.xctest */,
			);
			name = Products;
			sourceTree = "<group>";
		};
		DB0139912B1B22E900758ADE /* TodayBiscuit */ = {
			isa = PBXGroup;
			children = (
				DB612B5C2B6CB48500E204F6 /* Application */,
				DB0139D52B1B298E00758ADE /* Common */,
				DB0139D02B1B290700758ADE /* Presentation */,
				DB0139CC2B1B28C100758ADE /* Domain */,
				DB0139C82B1B28A300758ADE /* Data */,
				DB0139C62B1B286E00758ADE /* Resource */,
				DB0139922B1B22E900758ADE /* AppDelegate.swift */,
				DB0139942B1B22E900758ADE /* SceneDelegate.swift */,
				DB01399E2B1B22EA00758ADE /* Assets.xcassets */,
				DB0139A02B1B22EA00758ADE /* LaunchScreen.storyboard */,
				DB0139A32B1B22EA00758ADE /* TodayBiscuit.entitlements */,
				DB0139A42B1B22EA00758ADE /* Info.plist */,
				DB01399B2B1B22E900758ADE /* TodayBiscuit.xcdatamodeld */,
			);
			path = TodayBiscuit;
			sourceTree = "<group>";
		};
		DB0139AC2B1B22EA00758ADE /* TodayBiscuitTests */ = {
			isa = PBXGroup;
			children = (
				DB0139AD2B1B22EA00758ADE /* TodayBiscuitTests.swift */,
			);
			path = TodayBiscuitTests;
			sourceTree = "<group>";
		};
		DB0139B62B1B22EA00758ADE /* TodayBiscuitUITests */ = {
			isa = PBXGroup;
			children = (
				DB0139B72B1B22EA00758ADE /* TodayBiscuitUITests.swift */,
				DB0139B92B1B22EA00758ADE /* TodayBiscuitUITestsLaunchTests.swift */,
			);
			path = TodayBiscuitUITests;
			sourceTree = "<group>";
		};
		DB0139C62B1B286E00758ADE /* Resource */ = {
			isa = PBXGroup;
			children = (
				DB0139C72B1B288000758ADE /* Strings */,
			);
			path = Resource;
			sourceTree = "<group>";
		};
		DB0139C72B1B288000758ADE /* Strings */ = {
			isa = PBXGroup;
			children = (
			);
			path = Strings;
			sourceTree = "<group>";
		};
		DB0139C82B1B28A300758ADE /* Data */ = {
			isa = PBXGroup;
			children = (
				DB612B5B2B6CB23400E204F6 /* Repositories */,
				DB612B5A2B6CB21E00E204F6 /* Network */,
				DB612B582B6CB1DF00E204F6 /* PersistentStorages */,
			);
			path = Data;
			sourceTree = "<group>";
		};
		DB0139C92B1B28A900758ADE /* Interface */ = {
			isa = PBXGroup;
			children = (
				DB0139CA2B1B28AF00758ADE /* Repositories */,
			);
			path = Interface;
			sourceTree = "<group>";
		};
		DB0139CA2B1B28AF00758ADE /* Repositories */ = {
			isa = PBXGroup;
			children = (
				DB612B7C2B71D32C00E204F6 /* Protocol */,
			);
			path = Repositories;
			sourceTree = "<group>";
		};
		DB0139CC2B1B28C100758ADE /* Domain */ = {
			isa = PBXGroup;
			children = (
				DB0139CD2B1B28CD00758ADE /* UseCase */,
				DB0139CE2B1B28EE00758ADE /* Entity */,
				DB0139C92B1B28A900758ADE /* Interface */,
			);
			path = Domain;
			sourceTree = "<group>";
		};
		DB0139CD2B1B28CD00758ADE /* UseCase */ = {
			isa = PBXGroup;
			children = (
				DB0139CF2B1B28FE00758ADE /* Main */,
			);
			path = UseCase;
			sourceTree = "<group>";
		};
		DB0139CE2B1B28EE00758ADE /* Entity */ = {
			isa = PBXGroup;
			children = (
				DB612B5E2B6CD6CE00E204F6 /* ArpltnInforInqireSvc_API */,
				DB612B6B2B70771000E204F6 /* MsrstnInfoInqireSvc_API */,
				DB612B912B71F5F200E204F6 /* ArpltnStatsSvc_API */,
			);
			path = Entity;
			sourceTree = "<group>";
		};
		DB0139CF2B1B28FE00758ADE /* Main */ = {
			isa = PBXGroup;
			children = (
			);
			path = Main;
			sourceTree = "<group>";
		};
		DB0139D02B1B290700758ADE /* Presentation */ = {
			isa = PBXGroup;
			children = (
				DB0139D12B1B291800758ADE /* Flow */,
				DB0139D22B1B292400758ADE /* ViewController */,
				DB0139D32B1B293200758ADE /* Reactor */,
				DB0139D42B1B294600758ADE /* View */,
			);
			path = Presentation;
			sourceTree = "<group>";
		};
		DB0139D12B1B291800758ADE /* Flow */ = {
			isa = PBXGroup;
			children = (
			);
			path = Flow;
			sourceTree = "<group>";
		};
		DB0139D22B1B292400758ADE /* ViewController */ = {
			isa = PBXGroup;
			children = (
				DB0139DC2B1B361700758ADE /* Splash */,
			);
			path = ViewController;
			sourceTree = "<group>";
		};
		DB0139D32B1B293200758ADE /* Reactor */ = {
			isa = PBXGroup;
			children = (
				DB0139DB2B1B360E00758ADE /* Splash */,
			);
			path = Reactor;
			sourceTree = "<group>";
		};
		DB0139D42B1B294600758ADE /* View */ = {
			isa = PBXGroup;
			children = (
			);
			path = View;
			sourceTree = "<group>";
		};
		DB0139D52B1B298E00758ADE /* Common */ = {
			isa = PBXGroup;
			children = (
				DB0139D62B1B299500758ADE /* Extension */,
				DB0139D72B1B299B00758ADE /* Util */,
			);
			path = Common;
			sourceTree = "<group>";
		};
		DB0139D62B1B299500758ADE /* Extension */ = {
			isa = PBXGroup;
			children = (
				DB0139DF2B1B369800758ADE /* OSLog+Extension.swift */,
				DB0139E12B1B376900758ADE /* Bundle+Extension.swift */,
				DB612B9A2B730E2300E204F6 /* Data+Extension.swift */,
			);
			path = Extension;
			sourceTree = "<group>";
		};
		DB0139D72B1B299B00758ADE /* Util */ = {
			isa = PBXGroup;
			children = (
			);
			path = Util;
			sourceTree = "<group>";
		};
		DB0139DB2B1B360E00758ADE /* Splash */ = {
			isa = PBXGroup;
			children = (
				DB0139D92B1B35C700758ADE /* SplashViewReactor.swift */,
			);
			path = Splash;
			sourceTree = "<group>";
		};
		DB0139DC2B1B361700758ADE /* Splash */ = {
			isa = PBXGroup;
			children = (
				DB0139DD2B1B362900758ADE /* SplashViewController.swift */,
			);
			path = Splash;
			sourceTree = "<group>";
		};
		DB612B582B6CB1DF00E204F6 /* PersistentStorages */ = {
			isa = PBXGroup;
			children = (
				DB612B592B6CB20300E204F6 /* CoreDataStorage */,
			);
			path = PersistentStorages;
			sourceTree = "<group>";
		};
		DB612B592B6CB20300E204F6 /* CoreDataStorage */ = {
			isa = PBXGroup;
			children = (
			);
			path = CoreDataStorage;
			sourceTree = "<group>";
		};
		DB612B5A2B6CB21E00E204F6 /* Network */ = {
			isa = PBXGroup;
			children = (
				DB612B7D2B71E5A300E204F6 /* API */,
				DB612B7E2B71E5A800E204F6 /* Service */,
			);
			path = Network;
			sourceTree = "<group>";
		};
		DB612B5B2B6CB23400E204F6 /* Repositories */ = {
			isa = PBXGroup;
			children = (
				DB612B7A2B71D19E00E204F6 /* ArpltnInforInqireSvcRepository.swift */,
				DB612B782B71D19300E204F6 /* MsrstnInfoInqireSvcRepository.swift */,
				DB612B8B2B71F5B600E204F6 /* ArpltnStatsSvcRepository.swift */,
			);
			path = Repositories;
			sourceTree = "<group>";
		};
		DB612B5C2B6CB48500E204F6 /* Application */ = {
			isa = PBXGroup;
			children = (
			);
			path = Application;
			sourceTree = "<group>";
		};
		DB612B5E2B6CD6CE00E204F6 /* ArpltnInforInqireSvc_API */ = {
			isa = PBXGroup;
			children = (
				DB612B5F2B6CD75800E204F6 /* AIISBaseResponse.swift */,
				DB612B612B6CDF4200E204F6 /* MinuDustFrcstDspthItem.swift */,
				DB612B632B6CDF5F00E204F6 /* MinuDustWeekFrcstDspthItem.swift */,
				DB612B652B706F0400E204F6 /* MsrstnAcctoRltmMesureDnstyItem.swift */,
				DB612B672B7070D700E204F6 /* UnityAirEnvrnIdexSnstiveAboveMsrstnListItem.swift */,
				DB612B692B70717100E204F6 /* CtprvnRltmMesureDnstyItem.swift */,
			);
			path = ArpltnInforInqireSvc_API;
			sourceTree = "<group>";
		};
		DB612B6B2B70771000E204F6 /* MsrstnInfoInqireSvc_API */ = {
			isa = PBXGroup;
			children = (
				DB612B6E2B70779300E204F6 /* MIISBaseResponse.swift */,
				DB612B6C2B70774D00E204F6 /* MsrstnListItem.swift */,
				DB612B702B70789600E204F6 /* NearbyMsrstnListItem.swift */,
				DB612B722B7078FE00E204F6 /* TMStdrCrdntItem.swift */,
			);
			path = MsrstnInfoInqireSvc_API;
			sourceTree = "<group>";
		};
		DB612B7C2B71D32C00E204F6 /* Protocol */ = {
			isa = PBXGroup;
			children = (
				DB612B742B71D0A400E204F6 /* ArpltnInforInqireSvcRepositoryProtocol.swift */,
				DB612B762B71D0DE00E204F6 /* MsrstnInfoInqireSvcRepositoryProtocol.swift */,
				DB612B892B71F5AB00E204F6 /* ArpltnStatsSvcRepositoryProtocol.swift */,
			);
			path = Protocol;
			sourceTree = "<group>";
		};
		DB612B7D2B71E5A300E204F6 /* API */ = {
			isa = PBXGroup;
			children = (
				DB612B872B71E77F00E204F6 /* BaseAPIRouter.swift */,
				DB612B7F2B71E6CA00E204F6 /* ArpltnInforInqireSvcAPI.swift */,
				DB612B812B71E6D700E204F6 /* MsrstnInfoInqireSvcAPI.swift */,
				DB612B8D2B71F5C200E204F6 /* ArpltnStatsSvcAPI.swift */,
			);
			path = API;
			sourceTree = "<group>";
		};
		DB612B7E2B71E5A800E204F6 /* Service */ = {
			isa = PBXGroup;
			children = (
				DB612B852B71E70300E204F6 /* ArpltnInforInqireSvcService.swift */,
				DB612B832B71E6F600E204F6 /* MsrstnInfoInqireSvcService.swift */,
				DB612B8F2B71F5CC00E204F6 /* ArpltnStatsSvcService.swift */,
			);
			path = Service;
			sourceTree = "<group>";
		};
		DB612B912B71F5F200E204F6 /* ArpltnStatsSvc_API */ = {
			isa = PBXGroup;
			children = (
				DB612B922B71F60B00E204F6 /* ASSBaseResponse.swift */,
				DB612B942B71F69900E204F6 /* MsrstnAcctoRDyrgItem.swift */,
				DB612B962B71F6AC00E204F6 /* MsrstnAcctoRMmrgItem.swift */,
				DB612B982B71F6C500E204F6 /* CtprvnMesureLIstItem.swift */,
			);
			path = ArpltnStatsSvc_API;
			sourceTree = "<group>";
		};
/* End PBXGroup section */

/* Begin PBXNativeTarget section */
		DB01398E2B1B22E900758ADE /* TodayBiscuit */ = {
			isa = PBXNativeTarget;
			buildConfigurationList = DB0139BD2B1B22EA00758ADE /* Build configuration list for PBXNativeTarget "TodayBiscuit" */;
			buildPhases = (
				B46D4FE49DFAAFD113CA9BB8 /* [CP] Check Pods Manifest.lock */,
				DB01398B2B1B22E900758ADE /* Sources */,
				DB01398C2B1B22E900758ADE /* Frameworks */,
				DB01398D2B1B22E900758ADE /* Resources */,
				2A8096F65DCDF76BDC31F090 /* [CP] Embed Pods Frameworks */,
			);
			buildRules = (
			);
			dependencies = (
			);
			name = TodayBiscuit;
			productName = TodayBiscuit;
			productReference = DB01398F2B1B22E900758ADE /* TodayBiscuit.app */;
			productType = "com.apple.product-type.application";
		};
		DB0139A82B1B22EA00758ADE /* TodayBiscuitTests */ = {
			isa = PBXNativeTarget;
			buildConfigurationList = DB0139C02B1B22EA00758ADE /* Build configuration list for PBXNativeTarget "TodayBiscuitTests" */;
			buildPhases = (
				16CBED8777D319C516E974E6 /* [CP] Check Pods Manifest.lock */,
				DB0139A52B1B22EA00758ADE /* Sources */,
				DB0139A62B1B22EA00758ADE /* Frameworks */,
				DB0139A72B1B22EA00758ADE /* Resources */,
			);
			buildRules = (
			);
			dependencies = (
				DB0139AB2B1B22EA00758ADE /* PBXTargetDependency */,
			);
			name = TodayBiscuitTests;
			productName = TodayBiscuitTests;
			productReference = DB0139A92B1B22EA00758ADE /* TodayBiscuitTests.xctest */;
			productType = "com.apple.product-type.bundle.unit-test";
		};
		DB0139B22B1B22EA00758ADE /* TodayBiscuitUITests */ = {
			isa = PBXNativeTarget;
			buildConfigurationList = DB0139C32B1B22EA00758ADE /* Build configuration list for PBXNativeTarget "TodayBiscuitUITests" */;
			buildPhases = (
				72ABBB50347E423D42B4BCAB /* [CP] Check Pods Manifest.lock */,
				DB0139AF2B1B22EA00758ADE /* Sources */,
				DB0139B02B1B22EA00758ADE /* Frameworks */,
				DB0139B12B1B22EA00758ADE /* Resources */,
				41AF1A7FC926951065150537 /* [CP] Embed Pods Frameworks */,
			);
			buildRules = (
			);
			dependencies = (
				DB0139B52B1B22EA00758ADE /* PBXTargetDependency */,
			);
			name = TodayBiscuitUITests;
			productName = TodayBiscuitUITests;
			productReference = DB0139B32B1B22EA00758ADE /* TodayBiscuitUITests.xctest */;
			productType = "com.apple.product-type.bundle.ui-testing";
		};
/* End PBXNativeTarget section */

/* Begin PBXProject section */
		DB0139872B1B22E900758ADE /* Project object */ = {
			isa = PBXProject;
			attributes = {
				BuildIndependentTargetsInParallel = 1;
				LastSwiftUpdateCheck = 1500;
				LastUpgradeCheck = 1500;
				TargetAttributes = {
					DB01398E2B1B22E900758ADE = {
						CreatedOnToolsVersion = 15.0.1;
					};
					DB0139A82B1B22EA00758ADE = {
						CreatedOnToolsVersion = 15.0.1;
						TestTargetID = DB01398E2B1B22E900758ADE;
					};
					DB0139B22B1B22EA00758ADE = {
						CreatedOnToolsVersion = 15.0.1;
						TestTargetID = DB01398E2B1B22E900758ADE;
					};
				};
			};
			buildConfigurationList = DB01398A2B1B22E900758ADE /* Build configuration list for PBXProject "TodayBiscuit" */;
			compatibilityVersion = "Xcode 14.0";
			developmentRegion = en;
			hasScannedForEncodings = 0;
			knownRegions = (
				en,
				Base,
			);
			mainGroup = DB0139862B1B22E900758ADE;
			productRefGroup = DB0139902B1B22E900758ADE /* Products */;
			projectDirPath = "";
			projectRoot = "";
			targets = (
				DB01398E2B1B22E900758ADE /* TodayBiscuit */,
				DB0139A82B1B22EA00758ADE /* TodayBiscuitTests */,
				DB0139B22B1B22EA00758ADE /* TodayBiscuitUITests */,
			);
		};
/* End PBXProject section */

/* Begin PBXResourcesBuildPhase section */
		DB01398D2B1B22E900758ADE /* Resources */ = {
			isa = PBXResourcesBuildPhase;
			buildActionMask = 2147483647;
			files = (
				DB0139A22B1B22EA00758ADE /* LaunchScreen.storyboard in Resources */,
				DBB5D3692B6B55C4007940C7 /* .gitignore in Resources */,
				DB01399F2B1B22EA00758ADE /* Assets.xcassets in Resources */,
			);
			runOnlyForDeploymentPostprocessing = 0;
		};
		DB0139A72B1B22EA00758ADE /* Resources */ = {
			isa = PBXResourcesBuildPhase;
			buildActionMask = 2147483647;
			files = (
			);
			runOnlyForDeploymentPostprocessing = 0;
		};
		DB0139B12B1B22EA00758ADE /* Resources */ = {
			isa = PBXResourcesBuildPhase;
			buildActionMask = 2147483647;
			files = (
			);
			runOnlyForDeploymentPostprocessing = 0;
		};
/* End PBXResourcesBuildPhase section */

/* Begin PBXShellScriptBuildPhase section */
		16CBED8777D319C516E974E6 /* [CP] Check Pods Manifest.lock */ = {
			isa = PBXShellScriptBuildPhase;
			buildActionMask = 2147483647;
			files = (
			);
			inputFileListPaths = (
			);
			inputPaths = (
				"${PODS_PODFILE_DIR_PATH}/Podfile.lock",
				"${PODS_ROOT}/Manifest.lock",
			);
			name = "[CP] Check Pods Manifest.lock";
			outputFileListPaths = (
			);
			outputPaths = (
				"$(DERIVED_FILE_DIR)/Pods-TodayBiscuitTests-checkManifestLockResult.txt",
			);
			runOnlyForDeploymentPostprocessing = 0;
			shellPath = /bin/sh;
			shellScript = "diff \"${PODS_PODFILE_DIR_PATH}/Podfile.lock\" \"${PODS_ROOT}/Manifest.lock\" > /dev/null\nif [ $? != 0 ] ; then\n    # print error to STDERR\n    echo \"error: The sandbox is not in sync with the Podfile.lock. Run 'pod install' or update your CocoaPods installation.\" >&2\n    exit 1\nfi\n# This output is used by Xcode 'outputs' to avoid re-running this script phase.\necho \"SUCCESS\" > \"${SCRIPT_OUTPUT_FILE_0}\"\n";
			showEnvVarsInLog = 0;
		};
		2A8096F65DCDF76BDC31F090 /* [CP] Embed Pods Frameworks */ = {
			isa = PBXShellScriptBuildPhase;
			buildActionMask = 2147483647;
			files = (
			);
			inputFileListPaths = (
				"${PODS_ROOT}/Target Support Files/Pods-TodayBiscuit/Pods-TodayBiscuit-frameworks-${CONFIGURATION}-input-files.xcfilelist",
			);
			name = "[CP] Embed Pods Frameworks";
			outputFileListPaths = (
				"${PODS_ROOT}/Target Support Files/Pods-TodayBiscuit/Pods-TodayBiscuit-frameworks-${CONFIGURATION}-output-files.xcfilelist",
			);
			runOnlyForDeploymentPostprocessing = 0;
			shellPath = /bin/sh;
			shellScript = "\"${PODS_ROOT}/Target Support Files/Pods-TodayBiscuit/Pods-TodayBiscuit-frameworks.sh\"\n";
			showEnvVarsInLog = 0;
		};
		41AF1A7FC926951065150537 /* [CP] Embed Pods Frameworks */ = {
			isa = PBXShellScriptBuildPhase;
			buildActionMask = 2147483647;
			files = (
			);
			inputFileListPaths = (
				"${PODS_ROOT}/Target Support Files/Pods-TodayBiscuit-TodayBiscuitUITests/Pods-TodayBiscuit-TodayBiscuitUITests-frameworks-${CONFIGURATION}-input-files.xcfilelist",
			);
			name = "[CP] Embed Pods Frameworks";
			outputFileListPaths = (
				"${PODS_ROOT}/Target Support Files/Pods-TodayBiscuit-TodayBiscuitUITests/Pods-TodayBiscuit-TodayBiscuitUITests-frameworks-${CONFIGURATION}-output-files.xcfilelist",
			);
			runOnlyForDeploymentPostprocessing = 0;
			shellPath = /bin/sh;
			shellScript = "\"${PODS_ROOT}/Target Support Files/Pods-TodayBiscuit-TodayBiscuitUITests/Pods-TodayBiscuit-TodayBiscuitUITests-frameworks.sh\"\n";
			showEnvVarsInLog = 0;
		};
		72ABBB50347E423D42B4BCAB /* [CP] Check Pods Manifest.lock */ = {
			isa = PBXShellScriptBuildPhase;
			buildActionMask = 2147483647;
			files = (
			);
			inputFileListPaths = (
			);
			inputPaths = (
				"${PODS_PODFILE_DIR_PATH}/Podfile.lock",
				"${PODS_ROOT}/Manifest.lock",
			);
			name = "[CP] Check Pods Manifest.lock";
			outputFileListPaths = (
			);
			outputPaths = (
				"$(DERIVED_FILE_DIR)/Pods-TodayBiscuit-TodayBiscuitUITests-checkManifestLockResult.txt",
			);
			runOnlyForDeploymentPostprocessing = 0;
			shellPath = /bin/sh;
			shellScript = "diff \"${PODS_PODFILE_DIR_PATH}/Podfile.lock\" \"${PODS_ROOT}/Manifest.lock\" > /dev/null\nif [ $? != 0 ] ; then\n    # print error to STDERR\n    echo \"error: The sandbox is not in sync with the Podfile.lock. Run 'pod install' or update your CocoaPods installation.\" >&2\n    exit 1\nfi\n# This output is used by Xcode 'outputs' to avoid re-running this script phase.\necho \"SUCCESS\" > \"${SCRIPT_OUTPUT_FILE_0}\"\n";
			showEnvVarsInLog = 0;
		};
		B46D4FE49DFAAFD113CA9BB8 /* [CP] Check Pods Manifest.lock */ = {
			isa = PBXShellScriptBuildPhase;
			buildActionMask = 2147483647;
			files = (
			);
			inputFileListPaths = (
			);
			inputPaths = (
				"${PODS_PODFILE_DIR_PATH}/Podfile.lock",
				"${PODS_ROOT}/Manifest.lock",
			);
			name = "[CP] Check Pods Manifest.lock";
			outputFileListPaths = (
			);
			outputPaths = (
				"$(DERIVED_FILE_DIR)/Pods-TodayBiscuit-checkManifestLockResult.txt",
			);
			runOnlyForDeploymentPostprocessing = 0;
			shellPath = /bin/sh;
			shellScript = "diff \"${PODS_PODFILE_DIR_PATH}/Podfile.lock\" \"${PODS_ROOT}/Manifest.lock\" > /dev/null\nif [ $? != 0 ] ; then\n    # print error to STDERR\n    echo \"error: The sandbox is not in sync with the Podfile.lock. Run 'pod install' or update your CocoaPods installation.\" >&2\n    exit 1\nfi\n# This output is used by Xcode 'outputs' to avoid re-running this script phase.\necho \"SUCCESS\" > \"${SCRIPT_OUTPUT_FILE_0}\"\n";
			showEnvVarsInLog = 0;
		};
/* End PBXShellScriptBuildPhase section */

/* Begin PBXSourcesBuildPhase section */
		DB01398B2B1B22E900758ADE /* Sources */ = {
			isa = PBXSourcesBuildPhase;
			buildActionMask = 2147483647;
			files = (
				DB0139E02B1B369800758ADE /* OSLog+Extension.swift in Sources */,
				DB612B602B6CD75800E204F6 /* AIISBaseResponse.swift in Sources */,
				DB612B882B71E77F00E204F6 /* BaseAPIRouter.swift in Sources */,
				DB612B8A2B71F5AB00E204F6 /* ArpltnStatsSvcRepositoryProtocol.swift in Sources */,
				DB612B932B71F60B00E204F6 /* ASSBaseResponse.swift in Sources */,
				DB0139E22B1B376900758ADE /* Bundle+Extension.swift in Sources */,
				DB612B7B2B71D19E00E204F6 /* ArpltnInforInqireSvcRepository.swift in Sources */,
				DB612B6D2B70774D00E204F6 /* MsrstnListItem.swift in Sources */,
				DB612B682B7070D700E204F6 /* UnityAirEnvrnIdexSnstiveAboveMsrstnListItem.swift in Sources */,
				DB612B822B71E6D700E204F6 /* MsrstnInfoInqireSvcAPI.swift in Sources */,
				DB612B8C2B71F5B600E204F6 /* ArpltnStatsSvcRepository.swift in Sources */,
				DB612B712B70789600E204F6 /* NearbyMsrstnListItem.swift in Sources */,
				DB612B992B71F6C500E204F6 /* CtprvnMesureLIstItem.swift in Sources */,
				DB612B972B71F6AC00E204F6 /* MsrstnAcctoRMmrgItem.swift in Sources */,
				DB0139DA2B1B35C700758ADE /* SplashViewReactor.swift in Sources */,
				DB612B642B6CDF5F00E204F6 /* MinuDustWeekFrcstDspthItem.swift in Sources */,
				DB612B772B71D0DE00E204F6 /* MsrstnInfoInqireSvcRepositoryProtocol.swift in Sources */,
				DB612B6A2B70717100E204F6 /* CtprvnRltmMesureDnstyItem.swift in Sources */,
				DB612B8E2B71F5C200E204F6 /* ArpltnStatsSvcAPI.swift in Sources */,
				DB612B752B71D0A400E204F6 /* ArpltnInforInqireSvcRepositoryProtocol.swift in Sources */,
				DB612B6F2B70779300E204F6 /* MIISBaseResponse.swift in Sources */,
				DB612B622B6CDF4200E204F6 /* MinuDustFrcstDspthItem.swift in Sources */,
				DB612B9B2B730E2300E204F6 /* Data+Extension.swift in Sources */,
				DB01399D2B1B22E900758ADE /* TodayBiscuit.xcdatamodeld in Sources */,
				DB0139932B1B22E900758ADE /* AppDelegate.swift in Sources */,
				DB612B802B71E6CA00E204F6 /* ArpltnInforInqireSvcAPI.swift in Sources */,
				DB0139952B1B22E900758ADE /* SceneDelegate.swift in Sources */,
				DB612B862B71E70300E204F6 /* ArpltnInforInqireSvcService.swift in Sources */,
				DB612B732B7078FE00E204F6 /* TMStdrCrdntItem.swift in Sources */,
				DB612B792B71D19300E204F6 /* MsrstnInfoInqireSvcRepository.swift in Sources */,
				DB0139DE2B1B362900758ADE /* SplashViewController.swift in Sources */,
				DB612B842B71E6F600E204F6 /* MsrstnInfoInqireSvcService.swift in Sources */,
				DB612B952B71F69900E204F6 /* MsrstnAcctoRDyrgItem.swift in Sources */,
				DB612B662B706F0400E204F6 /* MsrstnAcctoRltmMesureDnstyItem.swift in Sources */,
				DB612B902B71F5CC00E204F6 /* ArpltnStatsSvcService.swift in Sources */,
			);
			runOnlyForDeploymentPostprocessing = 0;
		};
		DB0139A52B1B22EA00758ADE /* Sources */ = {
			isa = PBXSourcesBuildPhase;
			buildActionMask = 2147483647;
			files = (
				DB0139AE2B1B22EA00758ADE /* TodayBiscuitTests.swift in Sources */,
			);
			runOnlyForDeploymentPostprocessing = 0;
		};
		DB0139AF2B1B22EA00758ADE /* Sources */ = {
			isa = PBXSourcesBuildPhase;
			buildActionMask = 2147483647;
			files = (
				DB0139BA2B1B22EA00758ADE /* TodayBiscuitUITestsLaunchTests.swift in Sources */,
				DB0139B82B1B22EA00758ADE /* TodayBiscuitUITests.swift in Sources */,
			);
			runOnlyForDeploymentPostprocessing = 0;
		};
/* End PBXSourcesBuildPhase section */

/* Begin PBXTargetDependency section */
		DB0139AB2B1B22EA00758ADE /* PBXTargetDependency */ = {
			isa = PBXTargetDependency;
			target = DB01398E2B1B22E900758ADE /* TodayBiscuit */;
			targetProxy = DB0139AA2B1B22EA00758ADE /* PBXContainerItemProxy */;
		};
		DB0139B52B1B22EA00758ADE /* PBXTargetDependency */ = {
			isa = PBXTargetDependency;
			target = DB01398E2B1B22E900758ADE /* TodayBiscuit */;
			targetProxy = DB0139B42B1B22EA00758ADE /* PBXContainerItemProxy */;
		};
/* End PBXTargetDependency section */

/* Begin PBXVariantGroup section */
		DB0139A02B1B22EA00758ADE /* LaunchScreen.storyboard */ = {
			isa = PBXVariantGroup;
			children = (
				DB0139A12B1B22EA00758ADE /* Base */,
			);
			name = LaunchScreen.storyboard;
			sourceTree = "<group>";
		};
/* End PBXVariantGroup section */

/* Begin XCBuildConfiguration section */
		DB0139BB2B1B22EA00758ADE /* Debug */ = {
			isa = XCBuildConfiguration;
			buildSettings = {
				ALWAYS_SEARCH_USER_PATHS = NO;
				ASSETCATALOG_COMPILER_GENERATE_SWIFT_ASSET_SYMBOL_EXTENSIONS = YES;
				CLANG_ANALYZER_NONNULL = YES;
				CLANG_ANALYZER_NUMBER_OBJECT_CONVERSION = YES_AGGRESSIVE;
				CLANG_CXX_LANGUAGE_STANDARD = "gnu++20";
				CLANG_ENABLE_MODULES = YES;
				CLANG_ENABLE_OBJC_ARC = YES;
				CLANG_ENABLE_OBJC_WEAK = YES;
				CLANG_WARN_BLOCK_CAPTURE_AUTORELEASING = YES;
				CLANG_WARN_BOOL_CONVERSION = YES;
				CLANG_WARN_COMMA = YES;
				CLANG_WARN_CONSTANT_CONVERSION = YES;
				CLANG_WARN_DEPRECATED_OBJC_IMPLEMENTATIONS = YES;
				CLANG_WARN_DIRECT_OBJC_ISA_USAGE = YES_ERROR;
				CLANG_WARN_DOCUMENTATION_COMMENTS = YES;
				CLANG_WARN_EMPTY_BODY = YES;
				CLANG_WARN_ENUM_CONVERSION = YES;
				CLANG_WARN_INFINITE_RECURSION = YES;
				CLANG_WARN_INT_CONVERSION = YES;
				CLANG_WARN_NON_LITERAL_NULL_CONVERSION = YES;
				CLANG_WARN_OBJC_IMPLICIT_RETAIN_SELF = YES;
				CLANG_WARN_OBJC_LITERAL_CONVERSION = YES;
				CLANG_WARN_OBJC_ROOT_CLASS = YES_ERROR;
				CLANG_WARN_QUOTED_INCLUDE_IN_FRAMEWORK_HEADER = YES;
				CLANG_WARN_RANGE_LOOP_ANALYSIS = YES;
				CLANG_WARN_STRICT_PROTOTYPES = YES;
				CLANG_WARN_SUSPICIOUS_MOVE = YES;
				CLANG_WARN_UNGUARDED_AVAILABILITY = YES_AGGRESSIVE;
				CLANG_WARN_UNREACHABLE_CODE = YES;
				CLANG_WARN__DUPLICATE_METHOD_MATCH = YES;
				COPY_PHASE_STRIP = NO;
				DEBUG_INFORMATION_FORMAT = dwarf;
				ENABLE_STRICT_OBJC_MSGSEND = YES;
				ENABLE_TESTABILITY = YES;
				ENABLE_USER_SCRIPT_SANDBOXING = NO;
				GCC_C_LANGUAGE_STANDARD = gnu17;
				GCC_DYNAMIC_NO_PIC = NO;
				GCC_NO_COMMON_BLOCKS = YES;
				GCC_OPTIMIZATION_LEVEL = 0;
				GCC_PREPROCESSOR_DEFINITIONS = (
					"DEBUG=1",
					"$(inherited)",
				);
				GCC_WARN_64_TO_32_BIT_CONVERSION = YES;
				GCC_WARN_ABOUT_RETURN_TYPE = YES_ERROR;
				GCC_WARN_UNDECLARED_SELECTOR = YES;
				GCC_WARN_UNINITIALIZED_AUTOS = YES_AGGRESSIVE;
				GCC_WARN_UNUSED_FUNCTION = YES;
				GCC_WARN_UNUSED_VARIABLE = YES;
				IPHONEOS_DEPLOYMENT_TARGET = 17.0;
				LOCALIZATION_PREFERS_STRING_CATALOGS = YES;
				MTL_ENABLE_DEBUG_INFO = INCLUDE_SOURCE;
				MTL_FAST_MATH = YES;
				ONLY_ACTIVE_ARCH = YES;
				SDKROOT = iphoneos;
				SWIFT_ACTIVE_COMPILATION_CONDITIONS = "DEBUG $(inherited)";
				SWIFT_OPTIMIZATION_LEVEL = "-Onone";
			};
			name = Debug;
		};
		DB0139BC2B1B22EA00758ADE /* Release */ = {
			isa = XCBuildConfiguration;
			buildSettings = {
				ALWAYS_SEARCH_USER_PATHS = NO;
				ASSETCATALOG_COMPILER_GENERATE_SWIFT_ASSET_SYMBOL_EXTENSIONS = YES;
				CLANG_ANALYZER_NONNULL = YES;
				CLANG_ANALYZER_NUMBER_OBJECT_CONVERSION = YES_AGGRESSIVE;
				CLANG_CXX_LANGUAGE_STANDARD = "gnu++20";
				CLANG_ENABLE_MODULES = YES;
				CLANG_ENABLE_OBJC_ARC = YES;
				CLANG_ENABLE_OBJC_WEAK = YES;
				CLANG_WARN_BLOCK_CAPTURE_AUTORELEASING = YES;
				CLANG_WARN_BOOL_CONVERSION = YES;
				CLANG_WARN_COMMA = YES;
				CLANG_WARN_CONSTANT_CONVERSION = YES;
				CLANG_WARN_DEPRECATED_OBJC_IMPLEMENTATIONS = YES;
				CLANG_WARN_DIRECT_OBJC_ISA_USAGE = YES_ERROR;
				CLANG_WARN_DOCUMENTATION_COMMENTS = YES;
				CLANG_WARN_EMPTY_BODY = YES;
				CLANG_WARN_ENUM_CONVERSION = YES;
				CLANG_WARN_INFINITE_RECURSION = YES;
				CLANG_WARN_INT_CONVERSION = YES;
				CLANG_WARN_NON_LITERAL_NULL_CONVERSION = YES;
				CLANG_WARN_OBJC_IMPLICIT_RETAIN_SELF = YES;
				CLANG_WARN_OBJC_LITERAL_CONVERSION = YES;
				CLANG_WARN_OBJC_ROOT_CLASS = YES_ERROR;
				CLANG_WARN_QUOTED_INCLUDE_IN_FRAMEWORK_HEADER = YES;
				CLANG_WARN_RANGE_LOOP_ANALYSIS = YES;
				CLANG_WARN_STRICT_PROTOTYPES = YES;
				CLANG_WARN_SUSPICIOUS_MOVE = YES;
				CLANG_WARN_UNGUARDED_AVAILABILITY = YES_AGGRESSIVE;
				CLANG_WARN_UNREACHABLE_CODE = YES;
				CLANG_WARN__DUPLICATE_METHOD_MATCH = YES;
				COPY_PHASE_STRIP = NO;
				DEBUG_INFORMATION_FORMAT = "dwarf-with-dsym";
				ENABLE_NS_ASSERTIONS = NO;
				ENABLE_STRICT_OBJC_MSGSEND = YES;
				ENABLE_USER_SCRIPT_SANDBOXING = NO;
				GCC_C_LANGUAGE_STANDARD = gnu17;
				GCC_NO_COMMON_BLOCKS = YES;
				GCC_WARN_64_TO_32_BIT_CONVERSION = YES;
				GCC_WARN_ABOUT_RETURN_TYPE = YES_ERROR;
				GCC_WARN_UNDECLARED_SELECTOR = YES;
				GCC_WARN_UNINITIALIZED_AUTOS = YES_AGGRESSIVE;
				GCC_WARN_UNUSED_FUNCTION = YES;
				GCC_WARN_UNUSED_VARIABLE = YES;
				IPHONEOS_DEPLOYMENT_TARGET = 17.0;
				LOCALIZATION_PREFERS_STRING_CATALOGS = YES;
				MTL_ENABLE_DEBUG_INFO = NO;
				MTL_FAST_MATH = YES;
				SDKROOT = iphoneos;
				SWIFT_COMPILATION_MODE = wholemodule;
				VALIDATE_PRODUCT = YES;
			};
			name = Release;
		};
		DB0139BE2B1B22EA00758ADE /* Debug */ = {
			isa = XCBuildConfiguration;
			baseConfigurationReference = 53CBC99F615DB62070D4EFE2 /* Pods-TodayBiscuit.debug.xcconfig */;
			buildSettings = {
				ASSETCATALOG_COMPILER_APPICON_NAME = AppIcon;
				ASSETCATALOG_COMPILER_GLOBAL_ACCENT_COLOR_NAME = AccentColor;
				CODE_SIGN_ENTITLEMENTS = TodayBiscuit/TodayBiscuit.entitlements;
				CODE_SIGN_STYLE = Automatic;
				CURRENT_PROJECT_VERSION = 240129001;
				DEVELOPMENT_TEAM = H95MAPX5SG;
				GENERATE_INFOPLIST_FILE = YES;
				INFOPLIST_FILE = TodayBiscuit/Info.plist;
				INFOPLIST_KEY_LSApplicationCategoryType = "public.app-category.weather";
				INFOPLIST_KEY_UIApplicationSupportsIndirectInputEvents = YES;
				INFOPLIST_KEY_UILaunchStoryboardName = LaunchScreen;
				INFOPLIST_KEY_UIStatusBarStyle = "";
				INFOPLIST_KEY_UISupportedInterfaceOrientations = UIInterfaceOrientationPortrait;
				INFOPLIST_KEY_UISupportedInterfaceOrientations_iPad = "UIInterfaceOrientationLandscapeLeft UIInterfaceOrientationLandscapeRight UIInterfaceOrientationPortrait UIInterfaceOrientationPortraitUpsideDown";
				IPHONEOS_DEPLOYMENT_TARGET = 15.0;
				LD_RUNPATH_SEARCH_PATHS = (
					"$(inherited)",
					"@executable_path/Frameworks",
				);
				MARKETING_VERSION = 1.0;
				PRODUCT_BUNDLE_IDENTIFIER = com.LucasBlue.TodayBiscuit;
				PRODUCT_NAME = "$(TARGET_NAME)";
				SWIFT_EMIT_LOC_STRINGS = YES;
				SWIFT_VERSION = 5.0;
				TARGETED_DEVICE_FAMILY = "1,2";
			};
			name = Debug;
		};
		DB0139BF2B1B22EA00758ADE /* Release */ = {
			isa = XCBuildConfiguration;
			baseConfigurationReference = 848864E27B90168FDD45BDE2 /* Pods-TodayBiscuit.release.xcconfig */;
			buildSettings = {
				ASSETCATALOG_COMPILER_APPICON_NAME = AppIcon;
				ASSETCATALOG_COMPILER_GLOBAL_ACCENT_COLOR_NAME = AccentColor;
				CODE_SIGN_ENTITLEMENTS = TodayBiscuit/TodayBiscuit.entitlements;
				CODE_SIGN_STYLE = Automatic;
				CURRENT_PROJECT_VERSION = 240129001;
				DEVELOPMENT_TEAM = H95MAPX5SG;
				GENERATE_INFOPLIST_FILE = YES;
				INFOPLIST_FILE = TodayBiscuit/Info.plist;
				INFOPLIST_KEY_LSApplicationCategoryType = "public.app-category.weather";
				INFOPLIST_KEY_UIApplicationSupportsIndirectInputEvents = YES;
				INFOPLIST_KEY_UILaunchStoryboardName = LaunchScreen;
				INFOPLIST_KEY_UIStatusBarStyle = "";
				INFOPLIST_KEY_UISupportedInterfaceOrientations = UIInterfaceOrientationPortrait;
				INFOPLIST_KEY_UISupportedInterfaceOrientations_iPad = "UIInterfaceOrientationLandscapeLeft UIInterfaceOrientationLandscapeRight UIInterfaceOrientationPortrait UIInterfaceOrientationPortraitUpsideDown";
				IPHONEOS_DEPLOYMENT_TARGET = 15.0;
				LD_RUNPATH_SEARCH_PATHS = (
					"$(inherited)",
					"@executable_path/Frameworks",
				);
				MARKETING_VERSION = 1.0;
				PRODUCT_BUNDLE_IDENTIFIER = com.LucasBlue.TodayBiscuit;
				PRODUCT_NAME = "$(TARGET_NAME)";
				SWIFT_EMIT_LOC_STRINGS = YES;
				SWIFT_VERSION = 5.0;
				TARGETED_DEVICE_FAMILY = "1,2";
			};
			name = Release;
		};
		DB0139C12B1B22EA00758ADE /* Debug */ = {
			isa = XCBuildConfiguration;
			baseConfigurationReference = FFF986AAAFF9C86C80E65CB9 /* Pods-TodayBiscuitTests.debug.xcconfig */;
			buildSettings = {
				ALWAYS_EMBED_SWIFT_STANDARD_LIBRARIES = YES;
				BUNDLE_LOADER = "$(TEST_HOST)";
				CODE_SIGN_STYLE = Automatic;
				CURRENT_PROJECT_VERSION = 1;
				DEVELOPMENT_TEAM = H95MAPX5SG;
				GENERATE_INFOPLIST_FILE = YES;
				IPHONEOS_DEPLOYMENT_TARGET = 17.0;
				MARKETING_VERSION = 1.0;
				PRODUCT_BUNDLE_IDENTIFIER = com.LucasBlue.TodayBiscuitTests;
				PRODUCT_NAME = "$(TARGET_NAME)";
				SWIFT_EMIT_LOC_STRINGS = NO;
				SWIFT_VERSION = 5.0;
				TARGETED_DEVICE_FAMILY = "1,2";
				TEST_HOST = "$(BUILT_PRODUCTS_DIR)/TodayBiscuit.app/$(BUNDLE_EXECUTABLE_FOLDER_PATH)/TodayBiscuit";
			};
			name = Debug;
		};
		DB0139C22B1B22EA00758ADE /* Release */ = {
			isa = XCBuildConfiguration;
			baseConfigurationReference = 0095EAF549CC07507504C609 /* Pods-TodayBiscuitTests.release.xcconfig */;
			buildSettings = {
				ALWAYS_EMBED_SWIFT_STANDARD_LIBRARIES = YES;
				BUNDLE_LOADER = "$(TEST_HOST)";
				CODE_SIGN_STYLE = Automatic;
				CURRENT_PROJECT_VERSION = 1;
				DEVELOPMENT_TEAM = H95MAPX5SG;
				GENERATE_INFOPLIST_FILE = YES;
				IPHONEOS_DEPLOYMENT_TARGET = 17.0;
				MARKETING_VERSION = 1.0;
				PRODUCT_BUNDLE_IDENTIFIER = com.LucasBlue.TodayBiscuitTests;
				PRODUCT_NAME = "$(TARGET_NAME)";
				SWIFT_EMIT_LOC_STRINGS = NO;
				SWIFT_VERSION = 5.0;
				TARGETED_DEVICE_FAMILY = "1,2";
				TEST_HOST = "$(BUILT_PRODUCTS_DIR)/TodayBiscuit.app/$(BUNDLE_EXECUTABLE_FOLDER_PATH)/TodayBiscuit";
			};
			name = Release;
		};
		DB0139C42B1B22EA00758ADE /* Debug */ = {
			isa = XCBuildConfiguration;
			baseConfigurationReference = B81BC21EEDF9ECCD8D769D0B /* Pods-TodayBiscuit-TodayBiscuitUITests.debug.xcconfig */;
			buildSettings = {
				ALWAYS_EMBED_SWIFT_STANDARD_LIBRARIES = YES;
				CODE_SIGN_STYLE = Automatic;
				CURRENT_PROJECT_VERSION = 1;
				DEVELOPMENT_TEAM = H95MAPX5SG;
				GENERATE_INFOPLIST_FILE = YES;
				MARKETING_VERSION = 1.0;
				PRODUCT_BUNDLE_IDENTIFIER = com.LucasBlue.TodayBiscuitUITests;
				PRODUCT_NAME = "$(TARGET_NAME)";
				SWIFT_EMIT_LOC_STRINGS = NO;
				SWIFT_VERSION = 5.0;
				TARGETED_DEVICE_FAMILY = "1,2";
				TEST_TARGET_NAME = TodayBiscuit;
			};
			name = Debug;
		};
		DB0139C52B1B22EA00758ADE /* Release */ = {
			isa = XCBuildConfiguration;
			baseConfigurationReference = 80CC413ED845A36A5B00245B /* Pods-TodayBiscuit-TodayBiscuitUITests.release.xcconfig */;
			buildSettings = {
				ALWAYS_EMBED_SWIFT_STANDARD_LIBRARIES = YES;
				CODE_SIGN_STYLE = Automatic;
				CURRENT_PROJECT_VERSION = 1;
				DEVELOPMENT_TEAM = H95MAPX5SG;
				GENERATE_INFOPLIST_FILE = YES;
				MARKETING_VERSION = 1.0;
				PRODUCT_BUNDLE_IDENTIFIER = com.LucasBlue.TodayBiscuitUITests;
				PRODUCT_NAME = "$(TARGET_NAME)";
				SWIFT_EMIT_LOC_STRINGS = NO;
				SWIFT_VERSION = 5.0;
				TARGETED_DEVICE_FAMILY = "1,2";
				TEST_TARGET_NAME = TodayBiscuit;
			};
			name = Release;
		};
/* End XCBuildConfiguration section */

/* Begin XCConfigurationList section */
		DB01398A2B1B22E900758ADE /* Build configuration list for PBXProject "TodayBiscuit" */ = {
			isa = XCConfigurationList;
			buildConfigurations = (
				DB0139BB2B1B22EA00758ADE /* Debug */,
				DB0139BC2B1B22EA00758ADE /* Release */,
			);
			defaultConfigurationIsVisible = 0;
			defaultConfigurationName = Release;
		};
		DB0139BD2B1B22EA00758ADE /* Build configuration list for PBXNativeTarget "TodayBiscuit" */ = {
			isa = XCConfigurationList;
			buildConfigurations = (
				DB0139BE2B1B22EA00758ADE /* Debug */,
				DB0139BF2B1B22EA00758ADE /* Release */,
			);
			defaultConfigurationIsVisible = 0;
			defaultConfigurationName = Release;
		};
		DB0139C02B1B22EA00758ADE /* Build configuration list for PBXNativeTarget "TodayBiscuitTests" */ = {
			isa = XCConfigurationList;
			buildConfigurations = (
				DB0139C12B1B22EA00758ADE /* Debug */,
				DB0139C22B1B22EA00758ADE /* Release */,
			);
			defaultConfigurationIsVisible = 0;
			defaultConfigurationName = Release;
		};
		DB0139C32B1B22EA00758ADE /* Build configuration list for PBXNativeTarget "TodayBiscuitUITests" */ = {
			isa = XCConfigurationList;
			buildConfigurations = (
				DB0139C42B1B22EA00758ADE /* Debug */,
				DB0139C52B1B22EA00758ADE /* Release */,
			);
			defaultConfigurationIsVisible = 0;
			defaultConfigurationName = Release;
		};
/* End XCConfigurationList section */

/* Begin XCVersionGroup section */
		DB01399B2B1B22E900758ADE /* TodayBiscuit.xcdatamodeld */ = {
			isa = XCVersionGroup;
			children = (
				DB01399C2B1B22E900758ADE /* TodayBiscuit.xcdatamodel */,
			);
			currentVersion = DB01399C2B1B22E900758ADE /* TodayBiscuit.xcdatamodel */;
			path = TodayBiscuit.xcdatamodeld;
			sourceTree = "<group>";
			versionGroupType = wrapper.xcdatamodel;
		};
/* End XCVersionGroup section */
	};
	rootObject = DB0139872B1B22E900758ADE /* Project object */;
}
